
Microsoft Visual Studio Solution File, Format Version 12.00
# Visual Studio Version 17
VisualStudioVersion = 17.4.33205.214
MinimumVisualStudioVersion = 10.0.40219.1
Project("{FAE04EC0-301F-11D3-BF4B-00C04F79EFBC}") = "RoleBasedAuthorization", "RoleBasedAuthorization\RoleBasedAuthorization.csproj", "{02579D67-B3DA-4562-A945-CBFDBD55F368}"
EndProject
Global
	GlobalSection(SolutionConfigurationPlatforms) = preSolution
		Debug|Any CPU = Debug|Any CPU
		Release|Any CPU = Release|Any CPU
	EndGlobalSection
	GlobalSection(ProjectConfigurationPlatforms) = postSolution
		{02579D67-B3DA-4562-A945-CBFDBD55F368}.Debug|Any CPU.ActiveCfg = Debug|Any CPU
		{02579D67-B3DA-4562-A945-CBFDBD55F368}.Debug|Any CPU.Build.0 = Debug|Any CPU
		{02579D67-B3DA-4562-A945-CBFDBD55F368}.Release|Any CPU.ActiveCfg = Release|Any CPU
		{02579D67-B3DA-4562-A945-CBFDBD55F368}.Release|Any CPU.Build.0 = Release|Any CPU
	EndGlobalSection
	GlobalSection(SolutionProperties) = preSolution
		HideSolutionNode = FALSE
	EndGlobalSection
	GlobalSection(ExtensibilityGlobals) = postSolution
		SolutionGuid = {8A54C798-9D4E-41BE-8241-9EAD5BABD453}
	EndGlobalSection
EndGlobal
